
Microsoft Visual Studio Solution File, Format Version 12.00
# Visual Studio Version 16
VisualStudioVersion = 16.0.30717.126
MinimumVisualStudioVersion = 10.0.40219.1
Project("{FAE04EC0-301F-11D3-BF4B-00C04F79EFBC}") = "file-sharing", "file-sharing\file-sharing.csproj", "{2BD62E6C-BD27-4BEA-ABF9-384A6EB0325B}"
EndProject
Project("{54435603-DBB4-11D2-8724-00A0C9A8B90C}") = "file-sharing-setup", "file-sharing-setup\file-sharing-setup.vdproj", "{7435EB1B-C2A1-416F-87D1-201BB5010FD0}"
EndProject
Global
	GlobalSection(SolutionConfigurationPlatforms) = preSolution
		Debug|Any CPU = Debug|Any CPU
		Release|Any CPU = Release|Any CPU
	EndGlobalSection
	GlobalSection(ProjectConfigurationPlatforms) = postSolution
		{2BD62E6C-BD27-4BEA-ABF9-384A6EB0325B}.Debug|Any CPU.ActiveCfg = Release|Any CPU
		{2BD62E6C-BD27-4BEA-ABF9-384A6EB0325B}.Debug|Any CPU.Build.0 = Release|Any CPU
		{2BD62E6C-BD27-4BEA-ABF9-384A6EB0325B}.Release|Any CPU.ActiveCfg = Release|Any CPU
		{2BD62E6C-BD27-4BEA-ABF9-384A6EB0325B}.Release|Any CPU.Build.0 = Release|Any CPU
		{7435EB1B-C2A1-416F-87D1-201BB5010FD0}.Debug|Any CPU.ActiveCfg = Release
		{7435EB1B-C2A1-416F-87D1-201BB5010FD0}.Release|Any CPU.ActiveCfg = Release
		{7435EB1B-C2A1-416F-87D1-201BB5010FD0}.Release|Any CPU.Build.0 = Release
	EndGlobalSection
	GlobalSection(SolutionProperties) = preSolution
		HideSolutionNode = FALSE
	EndGlobalSection
	GlobalSection(ExtensibilityGlobals) = postSolution
		SolutionGuid = {1028357D-CE0B-43D4-8A1B-489C02CE495A}
	EndGlobalSection
EndGlobal
